
Microsoft Visual Studio Solution File, Format Version 12.00
# Visual Studio 15
VisualStudioVersion = 15.0.27004.2009
MinimumVisualStudioVersion = 10.0.40219.1
Project("{FAE04EC0-301F-11D3-BF4B-00C04F79EFBC}") = "TextProtocol_Client", "TextProtocol_Client\TextProtocol_Client.csproj", "{51D939CB-A578-46EE-86B6-45CBB5C252FA}"
EndProject
Global
	GlobalSection(SolutionConfigurationPlatforms) = preSolution
		Debug|Any CPU = Debug|Any CPU
		Release|Any CPU = Release|Any CPU
	EndGlobalSection
	GlobalSection(ProjectConfigurationPlatforms) = postSolution
		{51D939CB-A578-46EE-86B6-45CBB5C252FA}.Debug|Any CPU.ActiveCfg = Debug|Any CPU
		{51D939CB-A578-46EE-86B6-45CBB5C252FA}.Debug|Any CPU.Build.0 = Debug|Any CPU
		{51D939CB-A578-46EE-86B6-45CBB5C252FA}.Release|Any CPU.ActiveCfg = Release|Any CPU
		{51D939CB-A578-46EE-86B6-45CBB5C252FA}.Release|Any CPU.Build.0 = Release|Any CPU
	EndGlobalSection
	GlobalSection(SolutionProperties) = preSolution
		HideSolutionNode = FALSE
	EndGlobalSection
	GlobalSection(ExtensibilityGlobals) = postSolution
		SolutionGuid = {84D28DFA-3DB1-4B2A-9C9F-60A574DACCDD}
	EndGlobalSection
EndGlobal
